
Microsoft Visual Studio Solution File, Format Version 12.00
# Visual Studio Version 17
VisualStudioVersion = 17.1.32228.430
MinimumVisualStudioVersion = 10.0.40219.1
Project("{FAE04EC0-301F-11D3-BF4B-00C04F79EFBC}") = "PersonalWebAPPMvc", "PersonalWebAPPMvc\PersonalWebAPPMvc.csproj", "{AC19D677-0AA3-458F-A3A9-4696F5D4DCAB}"
EndProject
Project("{2150E333-8FDC-42A3-9474-1A3956D46DE8}") = "Solution Items", "Solution Items", "{17F346EF-84E9-47BA-9316-C285A8A519FA}"
	ProjectSection(SolutionItems) = preProject
		.editorconfig = .editorconfig
	EndProjectSection
EndProject
Global
	GlobalSection(SolutionConfigurationPlatforms) = preSolution
		Debug|Any CPU = Debug|Any CPU
		Release|Any CPU = Release|Any CPU
	EndGlobalSection
	GlobalSection(ProjectConfigurationPlatforms) = postSolution
		{AC19D677-0AA3-458F-A3A9-4696F5D4DCAB}.Debug|Any CPU.ActiveCfg = Debug|Any CPU
		{AC19D677-0AA3-458F-A3A9-4696F5D4DCAB}.Debug|Any CPU.Build.0 = Debug|Any CPU
		{AC19D677-0AA3-458F-A3A9-4696F5D4DCAB}.Release|Any CPU.ActiveCfg = Release|Any CPU
		{AC19D677-0AA3-458F-A3A9-4696F5D4DCAB}.Release|Any CPU.Build.0 = Release|Any CPU
	EndGlobalSection
	GlobalSection(SolutionProperties) = preSolution
		HideSolutionNode = FALSE
	EndGlobalSection
	GlobalSection(ExtensibilityGlobals) = postSolution
		SolutionGuid = {C161EA1E-E495-47A0-A585-5A0AE659723D}
	EndGlobalSection
EndGlobal
